
Microsoft Visual Studio Solution File, Format Version 12.00
# Visual Studio 15
VisualStudioVersion = 15.0.28307.489
MinimumVisualStudioVersion = 10.0.40219.1
Project("{FAE04EC0-301F-11D3-BF4B-00C04F79EFBC}") = "ProblemSet01", "ProblemSet01\ProblemSet01.csproj", "{019C21AE-826D-4C6A-B48D-F7B71560263C}"
EndProject
Project("{FAE04EC0-301F-11D3-BF4B-00C04F79EFBC}") = "ProblemSet01.Tests", "..\ProblemSet01.Tests\ProblemSet01.Tests.csproj", "{202DC419-BDEC-4679-9327-62466E450009}"
EndProject
Global
	GlobalSection(SolutionConfigurationPlatforms) = preSolution
		Debug|Any CPU = Debug|Any CPU
		Release|Any CPU = Release|Any CPU
	EndGlobalSection
	GlobalSection(ProjectConfigurationPlatforms) = postSolution
		{019C21AE-826D-4C6A-B48D-F7B71560263C}.Debug|Any CPU.ActiveCfg = Debug|Any CPU
		{019C21AE-826D-4C6A-B48D-F7B71560263C}.Debug|Any CPU.Build.0 = Debug|Any CPU
		{019C21AE-826D-4C6A-B48D-F7B71560263C}.Release|Any CPU.ActiveCfg = Release|Any CPU
		{019C21AE-826D-4C6A-B48D-F7B71560263C}.Release|Any CPU.Build.0 = Release|Any CPU
		{202DC419-BDEC-4679-9327-62466E450009}.Debug|Any CPU.ActiveCfg = Debug|Any CPU
		{202DC419-BDEC-4679-9327-62466E450009}.Debug|Any CPU.Build.0 = Debug|Any CPU
		{202DC419-BDEC-4679-9327-62466E450009}.Release|Any CPU.ActiveCfg = Release|Any CPU
		{202DC419-BDEC-4679-9327-62466E450009}.Release|Any CPU.Build.0 = Release|Any CPU
	EndGlobalSection
	GlobalSection(SolutionProperties) = preSolution
		HideSolutionNode = FALSE
	EndGlobalSection
	GlobalSection(ExtensibilityGlobals) = postSolution
		SolutionGuid = {5AA91929-72C5-4D83-BF2E-104ACCF46112}
	EndGlobalSection
EndGlobal
