
Microsoft Visual Studio Solution File, Format Version 12.00
# Visual Studio Version 16
VisualStudioVersion = 16.0.28803.156
MinimumVisualStudioVersion = 10.0.40219.1
Project("{FAE04EC0-301F-11D3-BF4B-00C04F79EFBC}") = "Task-6.2", "Task-6.2\Task-6.2.csproj", "{6E4FAD54-F969-4D9E-B32F-3F726CDEB218}"
EndProject
Project("{2150E333-8FDC-42A3-9474-1A3956D46DE8}") = "Solution Items", "Solution Items", "{F55361F2-5B6D-4854-85A5-3AC22FFBA6FB}"
	ProjectSection(SolutionItems) = preProject
		Description.md = Description.md
	EndProjectSection
EndProject
Project("{FAE04EC0-301F-11D3-BF4B-00C04F79EFBC}") = "Task-6.2.Tests", "Task-6.2.Tests\Task-6.2.Tests.csproj", "{B2F9362C-0678-45F1-B4E4-F0CC62279F3C}"
EndProject
Global
	GlobalSection(SolutionConfigurationPlatforms) = preSolution
		Debug|Any CPU = Debug|Any CPU
		Release|Any CPU = Release|Any CPU
	EndGlobalSection
	GlobalSection(ProjectConfigurationPlatforms) = postSolution
		{6E4FAD54-F969-4D9E-B32F-3F726CDEB218}.Debug|Any CPU.ActiveCfg = Debug|Any CPU
		{6E4FAD54-F969-4D9E-B32F-3F726CDEB218}.Debug|Any CPU.Build.0 = Debug|Any CPU
		{6E4FAD54-F969-4D9E-B32F-3F726CDEB218}.Release|Any CPU.ActiveCfg = Release|Any CPU
		{6E4FAD54-F969-4D9E-B32F-3F726CDEB218}.Release|Any CPU.Build.0 = Release|Any CPU
		{B2F9362C-0678-45F1-B4E4-F0CC62279F3C}.Debug|Any CPU.ActiveCfg = Debug|Any CPU
		{B2F9362C-0678-45F1-B4E4-F0CC62279F3C}.Debug|Any CPU.Build.0 = Debug|Any CPU
		{B2F9362C-0678-45F1-B4E4-F0CC62279F3C}.Release|Any CPU.ActiveCfg = Release|Any CPU
		{B2F9362C-0678-45F1-B4E4-F0CC62279F3C}.Release|Any CPU.Build.0 = Release|Any CPU
	EndGlobalSection
	GlobalSection(SolutionProperties) = preSolution
		HideSolutionNode = FALSE
	EndGlobalSection
	GlobalSection(ExtensibilityGlobals) = postSolution
		SolutionGuid = {A1E76BC8-8080-43A3-BD3D-20305EFECAA7}
	EndGlobalSection
EndGlobal
