
Microsoft Visual Studio Solution File, Format Version 12.00
# Visual Studio Version 16
VisualStudioVersion = 16.0.28809.33
MinimumVisualStudioVersion = 10.0.40219.1
Project("{FAE04EC0-301F-11D3-BF4B-00C04F79EFBC}") = "Task-7.1", "Task-7.1\Task-7.1.csproj", "{E79BDACF-386D-407F-BF4E-63B1B5A8D2FC}"
EndProject
Project("{FAE04EC0-301F-11D3-BF4B-00C04F79EFBC}") = "Task-7.1.Tests", "Task-7.1.Tests\Task-7.1.Tests.csproj", "{460B3505-B001-46D8-8628-FDFD67881EBE}"
EndProject
Project("{2150E333-8FDC-42A3-9474-1A3956D46DE8}") = "Solution Items", "Solution Items", "{1A40527E-5339-4896-9460-FA6AB570C349}"
	ProjectSection(SolutionItems) = preProject
		Description.md = Description.md
	EndProjectSection
EndProject
Project("{FAE04EC0-301F-11D3-BF4B-00C04F79EFBC}") = "Task-7.1.Calc", "Task-7.1.Calc\Task-7.1.Calc.csproj", "{8912EEDC-701E-4FD2-AFA6-8615E5B748C7}"
EndProject
Global
	GlobalSection(SolutionConfigurationPlatforms) = preSolution
		Debug|Any CPU = Debug|Any CPU
		Release|Any CPU = Release|Any CPU
	EndGlobalSection
	GlobalSection(ProjectConfigurationPlatforms) = postSolution
		{E79BDACF-386D-407F-BF4E-63B1B5A8D2FC}.Debug|Any CPU.ActiveCfg = Debug|Any CPU
		{E79BDACF-386D-407F-BF4E-63B1B5A8D2FC}.Debug|Any CPU.Build.0 = Debug|Any CPU
		{E79BDACF-386D-407F-BF4E-63B1B5A8D2FC}.Release|Any CPU.ActiveCfg = Release|Any CPU
		{E79BDACF-386D-407F-BF4E-63B1B5A8D2FC}.Release|Any CPU.Build.0 = Release|Any CPU
		{460B3505-B001-46D8-8628-FDFD67881EBE}.Debug|Any CPU.ActiveCfg = Debug|Any CPU
		{460B3505-B001-46D8-8628-FDFD67881EBE}.Debug|Any CPU.Build.0 = Debug|Any CPU
		{460B3505-B001-46D8-8628-FDFD67881EBE}.Release|Any CPU.ActiveCfg = Release|Any CPU
		{460B3505-B001-46D8-8628-FDFD67881EBE}.Release|Any CPU.Build.0 = Release|Any CPU
		{8912EEDC-701E-4FD2-AFA6-8615E5B748C7}.Debug|Any CPU.ActiveCfg = Debug|Any CPU
		{8912EEDC-701E-4FD2-AFA6-8615E5B748C7}.Debug|Any CPU.Build.0 = Debug|Any CPU
		{8912EEDC-701E-4FD2-AFA6-8615E5B748C7}.Release|Any CPU.ActiveCfg = Release|Any CPU
		{8912EEDC-701E-4FD2-AFA6-8615E5B748C7}.Release|Any CPU.Build.0 = Release|Any CPU
	EndGlobalSection
	GlobalSection(SolutionProperties) = preSolution
		HideSolutionNode = FALSE
	EndGlobalSection
	GlobalSection(ExtensibilityGlobals) = postSolution
		SolutionGuid = {91EF3EE9-2959-494E-8354-BAB66E97635E}
	EndGlobalSection
EndGlobal
